// !$*UTF8*$!
{
	archiveVersion = 1;
	classes = {
	};
	objectVersion = 50;
	objects = {

/* Begin PBXBuildFile section */
		8438EA6F2458706500946AD0 /* AppDelegate.swift in Sources */ = {isa = PBXBuildFile; fileRef = 8438EA6E2458706500946AD0 /* AppDelegate.swift */; };
		8438EA712458706500946AD0 /* SceneDelegate.swift in Sources */ = {isa = PBXBuildFile; fileRef = 8438EA702458706500946AD0 /* SceneDelegate.swift */; };
		8438EA732458706500946AD0 /* ContentView.swift in Sources */ = {isa = PBXBuildFile; fileRef = 8438EA722458706500946AD0 /* ContentView.swift */; };
		8438EA752458706600946AD0 /* Assets.xcassets in Resources */ = {isa = PBXBuildFile; fileRef = 8438EA742458706600946AD0 /* Assets.xcassets */; };
		8438EA782458706600946AD0 /* Preview Assets.xcassets in Resources */ = {isa = PBXBuildFile; fileRef = 8438EA772458706600946AD0 /* Preview Assets.xcassets */; };
		8438EA7B2458706600946AD0 /* LaunchScreen.storyboard in Resources */ = {isa = PBXBuildFile; fileRef = 8438EA792458706600946AD0 /* LaunchScreen.storyboard */; };
		8438EA862458706600946AD0 /* animatedButtonsTests.swift in Sources */ = {isa = PBXBuildFile; fileRef = 8438EA852458706600946AD0 /* animatedButtonsTests.swift */; };
		8438EA912458706600946AD0 /* animatedButtonsUITests.swift in Sources */ = {isa = PBXBuildFile; fileRef = 8438EA902458706600946AD0 /* animatedButtonsUITests.swift */; };
/* End PBXBuildFile section */

/* Begin PBXContainerItemProxy section */
		8438EA822458706600946AD0 /* PBXContainerItemProxy */ = {
			isa = PBXContainerItemProxy;
			containerPortal = 8438EA632458706500946AD0 /* Project object */;
			proxyType = 1;
			remoteGlobalIDString = 8438EA6A2458706500946AD0;
			remoteInfo = animatedButtons;
		};
		8438EA8D2458706600946AD0 /* PBXContainerItemProxy */ = {
			isa = PBXContainerItemProxy;
			containerPortal = 8438EA632458706500946AD0 /* Project object */;
			proxyType = 1;
			remoteGlobalIDString = 8438EA6A2458706500946AD0;
			remoteInfo = animatedButtons;
		};
/* End PBXContainerItemProxy section */

/* Begin PBXFileReference section */
		8438EA6B2458706500946AD0 /* animatedButtons.app */ = {isa = PBXFileReference; explicitFileType = wrapper.application; includeInIndex = 0; path = animatedButtons.app; sourceTree = BUILT_PRODUCTS_DIR; };
		8438EA6E2458706500946AD0 /* AppDelegate.swift */ = {isa = PBXFileReference; lastKnownFileType = sourcecode.swift; path = AppDelegate.swift; sourceTree = "<group>"; };
		8438EA702458706500946AD0 /* SceneDelegate.swift */ = {isa = PBXFileReference; lastKnownFileType = sourcecode.swift; path = SceneDelegate.swift; sourceTree = "<group>"; };
		8438EA722458706500946AD0 /* ContentView.swift */ = {isa = PBXFileReference; lastKnownFileType = sourcecode.swift; path = ContentView.swift; sourceTree = "<group>"; };
		8438EA742458706600946AD0 /* Assets.xcassets */ = {isa = PBXFileReference; lastKnownFileType = folder.assetcatalog; path = Assets.xcassets; sourceTree = "<group>"; };
		8438EA772458706600946AD0 /* Preview Assets.xcassets */ = {isa = PBXFileReference; lastKnownFileType = folder.assetcatalog; path = "Preview Assets.xcassets"; sourceTree = "<group>"; };
		8438EA7A2458706600946AD0 /* Base */ = {isa = PBXFileReference; lastKnownFileType = file.storyboard; name = Base; path = Base.lproj/LaunchScreen.storyboard; sourceTree = "<group>"; };
		8438EA7C2458706600946AD0 /* Info.plist */ = {isa = PBXFileReference; lastKnownFileType = text.plist.xml; path = Info.plist; sourceTree = "<group>"; };
		8438EA812458706600946AD0 /* animatedButtonsTests.xctest */ = {isa = PBXFileReference; explicitFileType = wrapper.cfbundle; includeInIndex = 0; path = animatedButtonsTests.xctest; sourceTree = BUILT_PRODUCTS_DIR; };
		8438EA852458706600946AD0 /* animatedButtonsTests.swift */ = {isa = PBXFileReference; lastKnownFileType = sourcecode.swift; path = animatedButtonsTests.swift; sourceTree = "<group>"; };
		8438EA872458706600946AD0 /* Info.plist */ = {isa = PBXFileReference; lastKnownFileType = text.plist.xml; path = Info.plist; sourceTree = "<group>"; };
		8438EA8C2458706600946AD0 /* animatedButtonsUITests.xctest */ = {isa = PBXFileReference; explicitFileType = wrapper.cfbundle; includeInIndex = 0; path = animatedButtonsUITests.xctest; sourceTree = BUILT_PRODUCTS_DIR; };
		8438EA902458706600946AD0 /* animatedButtonsUITests.swift */ = {isa = PBXFileReference; lastKnownFileType = sourcecode.swift; path = animatedButtonsUITests.swift; sourceTree = "<group>"; };
		8438EA922458706600946AD0 /* Info.plist */ = {isa = PBXFileReference; lastKnownFileType = text.plist.xml; path = Info.plist; sourceTree = "<group>"; };
/* End PBXFileReference section */

/* Begin PBXFrameworksBuildPhase section */
		8438EA682458706500946AD0 /* Frameworks */ = {
			isa = PBXFrameworksBuildPhase;
			buildActionMask = 2147483647;
			files = (
			);
			runOnlyForDeploymentPostprocessing = 0;
		};
		8438EA7E2458706600946AD0 /* Frameworks */ = {
			isa = PBXFrameworksBuildPhase;
			buildActionMask = 2147483647;
			files = (
			);
			runOnlyForDeploymentPostprocessing = 0;
		};
		8438EA892458706600946AD0 /* Frameworks */ = {
			isa = PBXFrameworksBuildPhase;
			buildActionMask = 2147483647;
			files = (
			);
			runOnlyForDeploymentPostprocessing = 0;
		};
/* End PBXFrameworksBuildPhase section */

/* Begin PBXGroup section */
		8438EA622458706500946AD0 = {
			isa = PBXGroup;
			children = (
				8438EA6D2458706500946AD0 /* animatedButtons */,
				8438EA842458706600946AD0 /* animatedButtonsTests */,
				8438EA8F2458706600946AD0 /* animatedButtonsUITests */,
				8438EA6C2458706500946AD0 /* Products */,
			);
			sourceTree = "<group>";
		};
		8438EA6C2458706500946AD0 /* Products */ = {
			isa = PBXGroup;
			children = (
				8438EA6B2458706500946AD0 /* animatedButtons.app */,
				8438EA812458706600946AD0 /* animatedButtonsTests.xctest */,
				8438EA8C2458706600946AD0 /* animatedButtonsUITests.xctest */,
			);
			name = Products;
			sourceTree = "<group>";
		};
		8438EA6D2458706500946AD0 /* animatedButtons */ = {
			isa = PBXGroup;
			children = (
				8438EA6E2458706500946AD0 /* AppDelegate.swift */,
				8438EA702458706500946AD0 /* SceneDelegate.swift */,
				8438EA722458706500946AD0 /* ContentView.swift */,
				8438EA742458706600946AD0 /* Assets.xcassets */,
				8438EA792458706600946AD0 /* LaunchScreen.storyboard */,
				8438EA7C2458706600946AD0 /* Info.plist */,
				8438EA762458706600946AD0 /* Preview Content */,
			);
			path = animatedButtons;
			sourceTree = "<group>";
		};
		8438EA762458706600946AD0 /* Preview Content */ = {
			isa = PBXGroup;
			children = (
				8438EA772458706600946AD0 /* Preview Assets.xcassets */,
			);
			path = "Preview Content";
			sourceTree = "<group>";
		};
		8438EA842458706600946AD0 /* animatedButtonsTests */ = {
			isa = PBXGroup;
			children = (
				8438EA852458706600946AD0 /* animatedButtonsTests.swift */,
				8438EA872458706600946AD0 /* Info.plist */,
			);
			path = animatedButtonsTests;
			sourceTree = "<group>";
		};
		8438EA8F2458706600946AD0 /* animatedButtonsUITests */ = {
			isa = PBXGroup;
			children = (
				8438EA902458706600946AD0 /* animatedButtonsUITests.swift */,
				8438EA922458706600946AD0 /* Info.plist */,
			);
			path = animatedButtonsUITests;
			sourceTree = "<group>";
		};
/* End PBXGroup section */

/* Begin PBXNativeTarget section */
		8438EA6A2458706500946AD0 /* animatedButtons */ = {
			isa = PBXNativeTarget;
			buildConfigurationList = 8438EA952458706600946AD0 /* Build configuration list for PBXNativeTarget "animatedButtons" */;
			buildPhases = (
				8438EA672458706500946AD0 /* Sources */,
				8438EA682458706500946AD0 /* Frameworks */,
				8438EA692458706500946AD0 /* Resources */,
			);
			buildRules = (
			);
			dependencies = (
			);
			name = animatedButtons;
			productName = animatedButtons;
			productReference = 8438EA6B2458706500946AD0 /* animatedButtons.app */;
			productType = "com.apple.product-type.application";
		};
		8438EA802458706600946AD0 /* animatedButtonsTests */ = {
			isa = PBXNativeTarget;
			buildConfigurationList = 8438EA982458706600946AD0 /* Build configuration list for PBXNativeTarget "animatedButtonsTests" */;
			buildPhases = (
				8438EA7D2458706600946AD0 /* Sources */,
				8438EA7E2458706600946AD0 /* Frameworks */,
				8438EA7F2458706600946AD0 /* Resources */,
			);
			buildRules = (
			);
			dependencies = (
				8438EA832458706600946AD0 /* PBXTargetDependency */,
			);
			name = animatedButtonsTests;
			productName = animatedButtonsTests;
			productReference = 8438EA812458706600946AD0 /* animatedButtonsTests.xctest */;
			productType = "com.apple.product-type.bundle.unit-test";
		};
		8438EA8B2458706600946AD0 /* animatedButtonsUITests */ = {
			isa = PBXNativeTarget;
			buildConfigurationList = 8438EA9B2458706600946AD0 /* Build configuration list for PBXNativeTarget "animatedButtonsUITests" */;
			buildPhases = (
				8438EA882458706600946AD0 /* Sources */,
				8438EA892458706600946AD0 /* Frameworks */,
				8438EA8A2458706600946AD0 /* Resources */,
			);
			buildRules = (
			);
			dependencies = (
				8438EA8E2458706600946AD0 /* PBXTargetDependency */,
			);
			name = animatedButtonsUITests;
			productName = animatedButtonsUITests;
			productReference = 8438EA8C2458706600946AD0 /* animatedButtonsUITests.xctest */;
			productType = "com.apple.product-type.bundle.ui-testing";
		};
/* End PBXNativeTarget section */

/* Begin PBXProject section */
		8438EA632458706500946AD0 /* Project object */ = {
			isa = PBXProject;
			attributes = {
				LastSwiftUpdateCheck = 1140;
				LastUpgradeCheck = 1140;
				ORGANIZATIONNAME = "Peter Lamar";
				TargetAttributes = {
					8438EA6A2458706500946AD0 = {
						CreatedOnToolsVersion = 11.4.1;
					};
					8438EA802458706600946AD0 = {
						CreatedOnToolsVersion = 11.4.1;
						TestTargetID = 8438EA6A2458706500946AD0;
					};
					8438EA8B2458706600946AD0 = {
						CreatedOnToolsVersion = 11.4.1;
						TestTargetID = 8438EA6A2458706500946AD0;
					};
				};
			};
			buildConfigurationList = 8438EA662458706500946AD0 /* Build configuration list for PBXProject "animatedButtons" */;
			compatibilityVersion = "Xcode 9.3";
			developmentRegion = en;
			hasScannedForEncodings = 0;
			knownRegions = (
				en,
				Base,
			);
			mainGroup = 8438EA622458706500946AD0;
			productRefGroup = 8438EA6C2458706500946AD0 /* Products */;
			projectDirPath = "";
			projectRoot = "";
			targets = (
				8438EA6A2458706500946AD0 /* animatedButtons */,
				8438EA802458706600946AD0 /* animatedButtonsTests */,
				8438EA8B2458706600946AD0 /* animatedButtonsUITests */,
			);
		};
/* End PBXProject section */

/* Begin PBXResourcesBuildPhase section */
		8438EA692458706500946AD0 /* Resources */ = {
			isa = PBXResourcesBuildPhase;
			buildActionMask = 2147483647;
			files = (
				8438EA7B2458706600946AD0 /* LaunchScreen.storyboard in Resources */,
				8438EA782458706600946AD0 /* Preview Assets.xcassets in Resources */,
				8438EA752458706600946AD0 /* Assets.xcassets in Resources */,
			);
			runOnlyForDeploymentPostprocessing = 0;
		};
		8438EA7F2458706600946AD0 /* Resources */ = {
			isa = PBXResourcesBuildPhase;
			buildActionMask = 2147483647;
			files = (
			);
			runOnlyForDeploymentPostprocessing = 0;
		};
		8438EA8A2458706600946AD0 /* Resources */ = {
			isa = PBXResourcesBuildPhase;
			buildActionMask = 2147483647;
			files = (
			);
			runOnlyForDeploymentPostprocessing = 0;
		};
/* End PBXResourcesBuildPhase section */

/* Begin PBXSourcesBuildPhase section */
		8438EA672458706500946AD0 /* Sources */ = {
			isa = PBXSourcesBuildPhase;
			buildActionMask = 2147483647;
			files = (
				8438EA6F2458706500946AD0 /* AppDelegate.swift in Sources */,
				8438EA712458706500946AD0 /* SceneDelegate.swift in Sources */,
				8438EA732458706500946AD0 /* ContentView.swift in Sources */,
			);
			runOnlyForDeploymentPostprocessing = 0;
		};
		8438EA7D2458706600946AD0 /* Sources */ = {
			isa = PBXSourcesBuildPhase;
			buildActionMask = 2147483647;
			files = (
				8438EA862458706600946AD0 /* animatedButtonsTests.swift in Sources */,
			);
			runOnlyForDeploymentPostprocessing = 0;
		};
		8438EA882458706600946AD0 /* Sources */ = {
			isa = PBXSourcesBuildPhase;
			buildActionMask = 2147483647;
			files = (
				8438EA912458706600946AD0 /* animatedButtonsUITests.swift in Sources */,
			);
			runOnlyForDeploymentPostprocessing = 0;
		};
/* End PBXSourcesBuildPhase section */

/* Begin PBXTargetDependency section */
		8438EA832458706600946AD0 /* PBXTargetDependency */ = {
			isa = PBXTargetDependency;
			target = 8438EA6A2458706500946AD0 /* animatedButtons */;
			targetProxy = 8438EA822458706600946AD0 /* PBXContainerItemProxy */;
		};
		8438EA8E2458706600946AD0 /* PBXTargetDependency */ = {
			isa = PBXTargetDependency;
			target = 8438EA6A2458706500946AD0 /* animatedButtons */;
			targetProxy = 8438EA8D2458706600946AD0 /* PBXContainerItemProxy */;
		};
/* End PBXTargetDependency section */

/* Begin PBXVariantGroup section */
		8438EA792458706600946AD0 /* LaunchScreen.storyboard */ = {
			isa = PBXVariantGroup;
			children = (
				8438EA7A2458706600946AD0 /* Base */,
			);
			name = LaunchScreen.storyboard;
			sourceTree = "<group>";
		};
/* End PBXVariantGroup section */

/* Begin XCBuildConfiguration section */
		8438EA932458706600946AD0 /* Debug */ = {
			isa = XCBuildConfiguration;
			buildSettings = {
				ALWAYS_SEARCH_USER_PATHS = NO;
				CLANG_ANALYZER_NONNULL = YES;
				CLANG_ANALYZER_NUMBER_OBJECT_CONVERSION = YES_AGGRESSIVE;
				CLANG_CXX_LANGUAGE_STANDARD = "gnu++14";
				CLANG_CXX_LIBRARY = "libc++";
				CLANG_ENABLE_MODULES = YES;
				CLANG_ENABLE_OBJC_ARC = YES;
				CLANG_ENABLE_OBJC_WEAK = YES;
				CLANG_WARN_BLOCK_CAPTURE_AUTORELEASING = YES;
				CLANG_WARN_BOOL_CONVERSION = YES;
				CLANG_WARN_COMMA = YES;
				CLANG_WARN_CONSTANT_CONVERSION = YES;
				CLANG_WARN_DEPRECATED_OBJC_IMPLEMENTATIONS = YES;
				CLANG_WARN_DIRECT_OBJC_ISA_USAGE = YES_ERROR;
				CLANG_WARN_DOCUMENTATION_COMMENTS = YES;
				CLANG_WARN_EMPTY_BODY = YES;
				CLANG_WARN_ENUM_CONVERSION = YES;
				CLANG_WARN_INFINITE_RECURSION = YES;
				CLANG_WARN_INT_CONVERSION = YES;
				CLANG_WARN_NON_LITERAL_NULL_CONVERSION = YES;
				CLANG_WARN_OBJC_IMPLICIT_RETAIN_SELF = YES;
				CLANG_WARN_OBJC_LITERAL_CONVERSION = YES;
				CLANG_WARN_OBJC_ROOT_CLASS = YES_ERROR;
				CLANG_WARN_RANGE_LOOP_ANALYSIS = YES;
				CLANG_WARN_STRICT_PROTOTYPES = YES;
				CLANG_WARN_SUSPICIOUS_MOVE = YES;
				CLANG_WARN_UNGUARDED_AVAILABILITY = YES_AGGRESSIVE;
				CLANG_WARN_UNREACHABLE_CODE = YES;
				CLANG_WARN__DUPLICATE_METHOD_MATCH = YES;
				COPY_PHASE_STRIP = NO;
				DEBUG_INFORMATION_FORMAT = dwarf;
				ENABLE_STRICT_OBJC_MSGSEND = YES;
				ENABLE_TESTABILITY = YES;
				GCC_C_LANGUAGE_STANDARD = gnu11;
				GCC_DYNAMIC_NO_PIC = NO;
				GCC_NO_COMMON_BLOCKS = YES;
				GCC_OPTIMIZATION_LEVEL = 0;
				GCC_PREPROCESSOR_DEFINITIONS = (
					"DEBUG=1",
					"$(inherited)",
				);
				GCC_WARN_64_TO_32_BIT_CONVERSION = YES;
				GCC_WARN_ABOUT_RETURN_TYPE = YES_ERROR;
				GCC_WARN_UNDECLARED_SELECTOR = YES;
				GCC_WARN_UNINITIALIZED_AUTOS = YES_AGGRESSIVE;
				GCC_WARN_UNUSED_FUNCTION = YES;
				GCC_WARN_UNUSED_VARIABLE = YES;
				IPHONEOS_DEPLOYMENT_TARGET = 13.4;
				MTL_ENABLE_DEBUG_INFO = INCLUDE_SOURCE;
				MTL_FAST_MATH = YES;
				ONLY_ACTIVE_ARCH = YES;
				SDKROOT = iphoneos;
				SWIFT_ACTIVE_COMPILATION_CONDITIONS = DEBUG;
				SWIFT_OPTIMIZATION_LEVEL = "-Onone";
			};
			name = Debug;
		};
		8438EA942458706600946AD0 /* Release */ = {
			isa = XCBuildConfiguration;
			buildSettings = {
				ALWAYS_SEARCH_USER_PATHS = NO;
				CLANG_ANALYZER_NONNULL = YES;
				CLANG_ANALYZER_NUMBER_OBJECT_CONVERSION = YES_AGGRESSIVE;
				CLANG_CXX_LANGUAGE_STANDARD = "gnu++14";
				CLANG_CXX_LIBRARY = "libc++";
				CLANG_ENABLE_MODULES = YES;
				CLANG_ENABLE_OBJC_ARC = YES;
				CLANG_ENABLE_OBJC_WEAK = YES;
				CLANG_WARN_BLOCK_CAPTURE_AUTORELEASING = YES;
				CLANG_WARN_BOOL_CONVERSION = YES;
				CLANG_WARN_COMMA = YES;
				CLANG_WARN_CONSTANT_CONVERSION = YES;
				CLANG_WARN_DEPRECATED_OBJC_IMPLEMENTATIONS = YES;
				CLANG_WARN_DIRECT_OBJC_ISA_USAGE = YES_ERROR;
				CLANG_WARN_DOCUMENTATION_COMMENTS = YES;
				CLANG_WARN_EMPTY_BODY = YES;
				CLANG_WARN_ENUM_CONVERSION = YES;
				CLANG_WARN_INFINITE_RECURSION = YES;
				CLANG_WARN_INT_CONVERSION = YES;
				CLANG_WARN_NON_LITERAL_NULL_CONVERSION = YES;
				CLANG_WARN_OBJC_IMPLICIT_RETAIN_SELF = YES;
				CLANG_WARN_OBJC_LITERAL_CONVERSION = YES;
				CLANG_WARN_OBJC_ROOT_CLASS = YES_ERROR;
				CLANG_WARN_RANGE_LOOP_ANALYSIS = YES;
				CLANG_WARN_STRICT_PROTOTYPES = YES;
				CLANG_WARN_SUSPICIOUS_MOVE = YES;
				CLANG_WARN_UNGUARDED_AVAILABILITY = YES_AGGRESSIVE;
				CLANG_WARN_UNREACHABLE_CODE = YES;
				CLANG_WARN__DUPLICATE_METHOD_MATCH = YES;
				COPY_PHASE_STRIP = NO;
				DEBUG_INFORMATION_FORMAT = "dwarf-with-dsym";
				ENABLE_NS_ASSERTIONS = NO;
				ENABLE_STRICT_OBJC_MSGSEND = YES;
				GCC_C_LANGUAGE_STANDARD = gnu11;
				GCC_NO_COMMON_BLOCKS = YES;
				GCC_WARN_64_TO_32_BIT_CONVERSION = YES;
				GCC_WARN_ABOUT_RETURN_TYPE = YES_ERROR;
				GCC_WARN_UNDECLARED_SELECTOR = YES;
				GCC_WARN_UNINITIALIZED_AUTOS = YES_AGGRESSIVE;
				GCC_WARN_UNUSED_FUNCTION = YES;
				GCC_WARN_UNUSED_VARIABLE = YES;
				IPHONEOS_DEPLOYMENT_TARGET = 13.4;
				MTL_ENABLE_DEBUG_INFO = NO;
				MTL_FAST_MATH = YES;
				SDKROOT = iphoneos;
				SWIFT_COMPILATION_MODE = wholemodule;
				SWIFT_OPTIMIZATION_LEVEL = "-O";
				VALIDATE_PRODUCT = YES;
			};
			name = Release;
		};
		8438EA962458706600946AD0 /* Debug */ = {
			isa = XCBuildConfiguration;
			buildSettings = {
				ASSETCATALOG_COMPILER_APPICON_NAME = AppIcon;
				CODE_SIGN_STYLE = Automatic;
				DEVELOPMENT_ASSET_PATHS = "\"animatedButtons/Preview Content\"";
				ENABLE_PREVIEWS = YES;
				INFOPLIST_FILE = animatedButtons/Info.plist;
				LD_RUNPATH_SEARCH_PATHS = (
					"$(inherited)",
					"@executable_path/Frameworks",
				);
				PRODUCT_BUNDLE_IDENTIFIER = boldmango.animatedButtons;
				PRODUCT_NAME = "$(TARGET_NAME)";
				SWIFT_VERSION = 5.0;
				TARGETED_DEVICE_FAMILY = "1,2";
			};
			name = Debug;
		};
		8438EA972458706600946AD0 /* Release */ = {
			isa = XCBuildConfiguration;
			buildSettings = {
				ASSETCATALOG_COMPILER_APPICON_NAME = AppIcon;
				CODE_SIGN_STYLE = Automatic;
				DEVELOPMENT_ASSET_PATHS = "\"animatedButtons/Preview Content\"";
				ENABLE_PREVIEWS = YES;
				INFOPLIST_FILE = animatedButtons/Info.plist;
				LD_RUNPATH_SEARCH_PATHS = (
					"$(inherited)",
					"@executable_path/Frameworks",
				);
				PRODUCT_BUNDLE_IDENTIFIER = boldmango.animatedButtons;
				PRODUCT_NAME = "$(TARGET_NAME)";
				SWIFT_VERSION = 5.0;
				TARGETED_DEVICE_FAMILY = "1,2";
			};
			name = Release;
		};
		8438EA992458706600946AD0 /* Debug */ = {
			isa = XCBuildConfiguration;
			buildSettings = {
				ALWAYS_EMBED_SWIFT_STANDARD_LIBRARIES = YES;
				BUNDLE_LOADER = "$(TEST_HOST)";
				CODE_SIGN_STYLE = Automatic;
				INFOPLIST_FILE = animatedButtonsTests/Info.plist;
				IPHONEOS_DEPLOYMENT_TARGET = 13.4;
				LD_RUNPATH_SEARCH_PATHS = (
					"$(inherited)",
					"@executable_path/Frameworks",
					"@loader_path/Frameworks",
				);
				PRODUCT_BUNDLE_IDENTIFIER = boldmango.animatedButtonsTests;
				PRODUCT_NAME = "$(TARGET_NAME)";
				SWIFT_VERSION = 5.0;
				TARGETED_DEVICE_FAMILY = "1,2";
				TEST_HOST = "$(BUILT_PRODUCTS_DIR)/animatedButtons.app/animatedButtons";
			};
			name = Debug;
		};
		8438EA9A2458706600946AD0 /* Release */ = {
			isa = XCBuildConfiguration;
			buildSettings = {
				ALWAYS_EMBED_SWIFT_STANDARD_LIBRARIES = YES;
				BUNDLE_LOADER = "$(TEST_HOST)";
				CODE_SIGN_STYLE = Automatic;
				INFOPLIST_FILE = animatedButtonsTests/Info.plist;
				IPHONEOS_DEPLOYMENT_TARGET = 13.4;
				LD_RUNPATH_SEARCH_PATHS = (
					"$(inherited)",
					"@executable_path/Frameworks",
					"@loader_path/Frameworks",
				);
				PRODUCT_BUNDLE_IDENTIFIER = boldmango.animatedButtonsTests;
				PRODUCT_NAME = "$(TARGET_NAME)";
				SWIFT_VERSION = 5.0;
				TARGETED_DEVICE_FAMILY = "1,2";
				TEST_HOST = "$(BUILT_PRODUCTS_DIR)/animatedButtons.app/animatedButtons";
			};
			name = Release;
		};
		8438EA9C2458706600946AD0 /* Debug */ = {
			isa = XCBuildConfiguration;
			buildSettings = {
				ALWAYS_EMBED_SWIFT_STANDARD_LIBRARIES = YES;
				CODE_SIGN_STYLE = Automatic;
				INFOPLIST_FILE = animatedButtonsUITests/Info.plist;
				LD_RUNPATH_SEARCH_PATHS = (
					"$(inherited)",
					"@executable_path/Frameworks",
					"@loader_path/Frameworks",
				);
				PRODUCT_BUNDLE_IDENTIFIER = boldmango.animatedButtonsUITests;
				PRODUCT_NAME = "$(TARGET_NAME)";
				SWIFT_VERSION = 5.0;
				TARGETED_DEVICE_FAMILY = "1,2";
				TEST_TARGET_NAME = animatedButtons;
			};
			name = Debug;
		};
		8438EA9D2458706600946AD0 /* Release */ = {
			isa = XCBuildConfiguration;
			buildSettings = {
				ALWAYS_EMBED_SWIFT_STANDARD_LIBRARIES = YES;
				CODE_SIGN_STYLE = Automatic;
				INFOPLIST_FILE = animatedButtonsUITests/Info.plist;
				LD_RUNPATH_SEARCH_PATHS = (
					"$(inherited)",
					"@executable_path/Frameworks",
					"@loader_path/Frameworks",
				);
				PRODUCT_BUNDLE_IDENTIFIER = boldmango.animatedButtonsUITests;
				PRODUCT_NAME = "$(TARGET_NAME)";
				SWIFT_VERSION = 5.0;
				TARGETED_DEVICE_FAMILY = "1,2";
				TEST_TARGET_NAME = animatedButtons;
			};
			name = Release;
		};
/* End XCBuildConfiguration section */

/* Begin XCConfigurationList section */
		8438EA662458706500946AD0 /* Build configuration list for PBXProject "animatedButtons" */ = {
			isa = XCConfigurationList;
			buildConfigurations = (
				8438EA932458706600946AD0 /* Debug */,
				8438EA942458706600946AD0 /* Release */,
			);
			defaultConfigurationIsVisible = 0;
			defaultConfigurationName = Release;
		};
		8438EA952458706600946AD0 /* Build configuration list for PBXNativeTarget "animatedButtons" */ = {
			isa = XCConfigurationList;
			buildConfigurations = (
				8438EA962458706600946AD0 /* Debug */,
				8438EA972458706600946AD0 /* Release */,
			);
			defaultConfigurationIsVisible = 0;
			defaultConfigurationName = Release;
		};
		8438EA982458706600946AD0 /* Build configuration list for PBXNativeTarget "animatedButtonsTests" */ = {
			isa = XCConfigurationList;
			buildConfigurations = (
				8438EA992458706600946AD0 /* Debug */,
				8438EA9A2458706600946AD0 /* Release */,
			);
			defaultConfigurationIsVisible = 0;
			defaultConfigurationName = Release;
		};
		8438EA9B2458706600946AD0 /* Build configuration list for PBXNativeTarget "animatedButtonsUITests" */ = {
			isa = XCConfigurationList;
			buildConfigurations = (
				8438EA9C2458706600946AD0 /* Debug */,
				8438EA9D2458706600946AD0 /* Release */,
			);
			defaultConfigurationIsVisible = 0;
			defaultConfigurationName = Release;
		};
/* End XCConfigurationList section */
	};
	rootObject = 8438EA632458706500946AD0 /* Project object */;
}
