// !$*UTF8*$!
{
	archiveVersion = 1;
	classes = {
	};
	objectVersion = 50;
	objects = {

/* Begin PBXBuildFile section */
		842A3A8D23F74452006F8B82 /* AppDelegate.swift in Sources */ = {isa = PBXBuildFile; fileRef = 842A3A8C23F74452006F8B82 /* AppDelegate.swift */; };
		842A3A8F23F74452006F8B82 /* SceneDelegate.swift in Sources */ = {isa = PBXBuildFile; fileRef = 842A3A8E23F74452006F8B82 /* SceneDelegate.swift */; };
		842A3A9123F74452006F8B82 /* ContentView.swift in Sources */ = {isa = PBXBuildFile; fileRef = 842A3A9023F74452006F8B82 /* ContentView.swift */; };
		842A3A9323F74454006F8B82 /* Assets.xcassets in Resources */ = {isa = PBXBuildFile; fileRef = 842A3A9223F74454006F8B82 /* Assets.xcassets */; };
		842A3A9623F74454006F8B82 /* Preview Assets.xcassets in Resources */ = {isa = PBXBuildFile; fileRef = 842A3A9523F74454006F8B82 /* Preview Assets.xcassets */; };
		842A3A9923F74454006F8B82 /* LaunchScreen.storyboard in Resources */ = {isa = PBXBuildFile; fileRef = 842A3A9723F74454006F8B82 /* LaunchScreen.storyboard */; };
		842A3AA423F74454006F8B82 /* NotificationDelegateTests.swift in Sources */ = {isa = PBXBuildFile; fileRef = 842A3AA323F74454006F8B82 /* NotificationDelegateTests.swift */; };
		842A3AAF23F74454006F8B82 /* NotificationDelegateUITests.swift in Sources */ = {isa = PBXBuildFile; fileRef = 842A3AAE23F74454006F8B82 /* NotificationDelegateUITests.swift */; };
		842A3ABD23F7449E006F8B82 /* LocalNotificationManager.swift in Sources */ = {isa = PBXBuildFile; fileRef = 842A3ABC23F7449E006F8B82 /* LocalNotificationManager.swift */; };
/* End PBXBuildFile section */

/* Begin PBXContainerItemProxy section */
		842A3AA023F74454006F8B82 /* PBXContainerItemProxy */ = {
			isa = PBXContainerItemProxy;
			containerPortal = 842A3A8123F74452006F8B82 /* Project object */;
			proxyType = 1;
			remoteGlobalIDString = 842A3A8823F74452006F8B82;
			remoteInfo = NotificationDelegate;
		};
		842A3AAB23F74454006F8B82 /* PBXContainerItemProxy */ = {
			isa = PBXContainerItemProxy;
			containerPortal = 842A3A8123F74452006F8B82 /* Project object */;
			proxyType = 1;
			remoteGlobalIDString = 842A3A8823F74452006F8B82;
			remoteInfo = NotificationDelegate;
		};
/* End PBXContainerItemProxy section */

/* Begin PBXFileReference section */
		842A3A8923F74452006F8B82 /* NotificationDelegate.app */ = {isa = PBXFileReference; explicitFileType = wrapper.application; includeInIndex = 0; path = NotificationDelegate.app; sourceTree = BUILT_PRODUCTS_DIR; };
		842A3A8C23F74452006F8B82 /* AppDelegate.swift */ = {isa = PBXFileReference; lastKnownFileType = sourcecode.swift; path = AppDelegate.swift; sourceTree = "<group>"; };
		842A3A8E23F74452006F8B82 /* SceneDelegate.swift */ = {isa = PBXFileReference; lastKnownFileType = sourcecode.swift; path = SceneDelegate.swift; sourceTree = "<group>"; };
		842A3A9023F74452006F8B82 /* ContentView.swift */ = {isa = PBXFileReference; lastKnownFileType = sourcecode.swift; path = ContentView.swift; sourceTree = "<group>"; };
		842A3A9223F74454006F8B82 /* Assets.xcassets */ = {isa = PBXFileReference; lastKnownFileType = folder.assetcatalog; path = Assets.xcassets; sourceTree = "<group>"; };
		842A3A9523F74454006F8B82 /* Preview Assets.xcassets */ = {isa = PBXFileReference; lastKnownFileType = folder.assetcatalog; path = "Preview Assets.xcassets"; sourceTree = "<group>"; };
		842A3A9823F74454006F8B82 /* Base */ = {isa = PBXFileReference; lastKnownFileType = file.storyboard; name = Base; path = Base.lproj/LaunchScreen.storyboard; sourceTree = "<group>"; };
		842A3A9A23F74454006F8B82 /* Info.plist */ = {isa = PBXFileReference; lastKnownFileType = text.plist.xml; path = Info.plist; sourceTree = "<group>"; };
		842A3A9F23F74454006F8B82 /* NotificationDelegateTests.xctest */ = {isa = PBXFileReference; explicitFileType = wrapper.cfbundle; includeInIndex = 0; path = NotificationDelegateTests.xctest; sourceTree = BUILT_PRODUCTS_DIR; };
		842A3AA323F74454006F8B82 /* NotificationDelegateTests.swift */ = {isa = PBXFileReference; lastKnownFileType = sourcecode.swift; path = NotificationDelegateTests.swift; sourceTree = "<group>"; };
		842A3AA523F74454006F8B82 /* Info.plist */ = {isa = PBXFileReference; lastKnownFileType = text.plist.xml; path = Info.plist; sourceTree = "<group>"; };
		842A3AAA23F74454006F8B82 /* NotificationDelegateUITests.xctest */ = {isa = PBXFileReference; explicitFileType = wrapper.cfbundle; includeInIndex = 0; path = NotificationDelegateUITests.xctest; sourceTree = BUILT_PRODUCTS_DIR; };
		842A3AAE23F74454006F8B82 /* NotificationDelegateUITests.swift */ = {isa = PBXFileReference; lastKnownFileType = sourcecode.swift; path = NotificationDelegateUITests.swift; sourceTree = "<group>"; };
		842A3AB023F74454006F8B82 /* Info.plist */ = {isa = PBXFileReference; lastKnownFileType = text.plist.xml; path = Info.plist; sourceTree = "<group>"; };
		842A3ABC23F7449E006F8B82 /* LocalNotificationManager.swift */ = {isa = PBXFileReference; lastKnownFileType = sourcecode.swift; path = LocalNotificationManager.swift; sourceTree = "<group>"; };
		842A3ABE23F8156C006F8B82 /* README.md */ = {isa = PBXFileReference; lastKnownFileType = net.daringfireball.markdown; path = README.md; sourceTree = "<group>"; };
/* End PBXFileReference section */

/* Begin PBXFrameworksBuildPhase section */
		842A3A8623F74452006F8B82 /* Frameworks */ = {
			isa = PBXFrameworksBuildPhase;
			buildActionMask = 2147483647;
			files = (
			);
			runOnlyForDeploymentPostprocessing = 0;
		};
		842A3A9C23F74454006F8B82 /* Frameworks */ = {
			isa = PBXFrameworksBuildPhase;
			buildActionMask = 2147483647;
			files = (
			);
			runOnlyForDeploymentPostprocessing = 0;
		};
		842A3AA723F74454006F8B82 /* Frameworks */ = {
			isa = PBXFrameworksBuildPhase;
			buildActionMask = 2147483647;
			files = (
			);
			runOnlyForDeploymentPostprocessing = 0;
		};
/* End PBXFrameworksBuildPhase section */

/* Begin PBXGroup section */
		842A3A8023F74452006F8B82 = {
			isa = PBXGroup;
			children = (
				842A3ABE23F8156C006F8B82 /* README.md */,
				842A3A8B23F74452006F8B82 /* NotificationDelegate */,
				842A3AA223F74454006F8B82 /* NotificationDelegateTests */,
				842A3AAD23F74454006F8B82 /* NotificationDelegateUITests */,
				842A3A8A23F74452006F8B82 /* Products */,
			);
			sourceTree = "<group>";
		};
		842A3A8A23F74452006F8B82 /* Products */ = {
			isa = PBXGroup;
			children = (
				842A3A8923F74452006F8B82 /* NotificationDelegate.app */,
				842A3A9F23F74454006F8B82 /* NotificationDelegateTests.xctest */,
				842A3AAA23F74454006F8B82 /* NotificationDelegateUITests.xctest */,
			);
			name = Products;
			sourceTree = "<group>";
		};
		842A3A8B23F74452006F8B82 /* NotificationDelegate */ = {
			isa = PBXGroup;
			children = (
				842A3A8C23F74452006F8B82 /* AppDelegate.swift */,
				842A3A8E23F74452006F8B82 /* SceneDelegate.swift */,
				842A3A9023F74452006F8B82 /* ContentView.swift */,
				842A3ABC23F7449E006F8B82 /* LocalNotificationManager.swift */,
				842A3A9223F74454006F8B82 /* Assets.xcassets */,
				842A3A9723F74454006F8B82 /* LaunchScreen.storyboard */,
				842A3A9A23F74454006F8B82 /* Info.plist */,
				842A3A9423F74454006F8B82 /* Preview Content */,
			);
			path = NotificationDelegate;
			sourceTree = "<group>";
		};
		842A3A9423F74454006F8B82 /* Preview Content */ = {
			isa = PBXGroup;
			children = (
				842A3A9523F74454006F8B82 /* Preview Assets.xcassets */,
			);
			path = "Preview Content";
			sourceTree = "<group>";
		};
		842A3AA223F74454006F8B82 /* NotificationDelegateTests */ = {
			isa = PBXGroup;
			children = (
				842A3AA323F74454006F8B82 /* NotificationDelegateTests.swift */,
				842A3AA523F74454006F8B82 /* Info.plist */,
			);
			path = NotificationDelegateTests;
			sourceTree = "<group>";
		};
		842A3AAD23F74454006F8B82 /* NotificationDelegateUITests */ = {
			isa = PBXGroup;
			children = (
				842A3AAE23F74454006F8B82 /* NotificationDelegateUITests.swift */,
				842A3AB023F74454006F8B82 /* Info.plist */,
			);
			path = NotificationDelegateUITests;
			sourceTree = "<group>";
		};
/* End PBXGroup section */

/* Begin PBXNativeTarget section */
		842A3A8823F74452006F8B82 /* NotificationDelegate */ = {
			isa = PBXNativeTarget;
			buildConfigurationList = 842A3AB323F74454006F8B82 /* Build configuration list for PBXNativeTarget "NotificationDelegate" */;
			buildPhases = (
				842A3A8523F74452006F8B82 /* Sources */,
				842A3A8623F74452006F8B82 /* Frameworks */,
				842A3A8723F74452006F8B82 /* Resources */,
			);
			buildRules = (
			);
			dependencies = (
			);
			name = NotificationDelegate;
			productName = NotificationDelegate;
			productReference = 842A3A8923F74452006F8B82 /* NotificationDelegate.app */;
			productType = "com.apple.product-type.application";
		};
		842A3A9E23F74454006F8B82 /* NotificationDelegateTests */ = {
			isa = PBXNativeTarget;
			buildConfigurationList = 842A3AB623F74454006F8B82 /* Build configuration list for PBXNativeTarget "NotificationDelegateTests" */;
			buildPhases = (
				842A3A9B23F74454006F8B82 /* Sources */,
				842A3A9C23F74454006F8B82 /* Frameworks */,
				842A3A9D23F74454006F8B82 /* Resources */,
			);
			buildRules = (
			);
			dependencies = (
				842A3AA123F74454006F8B82 /* PBXTargetDependency */,
			);
			name = NotificationDelegateTests;
			productName = NotificationDelegateTests;
			productReference = 842A3A9F23F74454006F8B82 /* NotificationDelegateTests.xctest */;
			productType = "com.apple.product-type.bundle.unit-test";
		};
		842A3AA923F74454006F8B82 /* NotificationDelegateUITests */ = {
			isa = PBXNativeTarget;
			buildConfigurationList = 842A3AB923F74454006F8B82 /* Build configuration list for PBXNativeTarget "NotificationDelegateUITests" */;
			buildPhases = (
				842A3AA623F74454006F8B82 /* Sources */,
				842A3AA723F74454006F8B82 /* Frameworks */,
				842A3AA823F74454006F8B82 /* Resources */,
			);
			buildRules = (
			);
			dependencies = (
				842A3AAC23F74454006F8B82 /* PBXTargetDependency */,
			);
			name = NotificationDelegateUITests;
			productName = NotificationDelegateUITests;
			productReference = 842A3AAA23F74454006F8B82 /* NotificationDelegateUITests.xctest */;
			productType = "com.apple.product-type.bundle.ui-testing";
		};
/* End PBXNativeTarget section */

/* Begin PBXProject section */
		842A3A8123F74452006F8B82 /* Project object */ = {
			isa = PBXProject;
			attributes = {
				LastSwiftUpdateCheck = 1130;
				LastUpgradeCheck = 1130;
				ORGANIZATIONNAME = "Peter Lamar";
				TargetAttributes = {
					842A3A8823F74452006F8B82 = {
						CreatedOnToolsVersion = 11.3.1;
					};
					842A3A9E23F74454006F8B82 = {
						CreatedOnToolsVersion = 11.3.1;
						TestTargetID = 842A3A8823F74452006F8B82;
					};
					842A3AA923F74454006F8B82 = {
						CreatedOnToolsVersion = 11.3.1;
						TestTargetID = 842A3A8823F74452006F8B82;
					};
				};
			};
			buildConfigurationList = 842A3A8423F74452006F8B82 /* Build configuration list for PBXProject "NotificationDelegate" */;
			compatibilityVersion = "Xcode 9.3";
			developmentRegion = en;
			hasScannedForEncodings = 0;
			knownRegions = (
				en,
				Base,
			);
			mainGroup = 842A3A8023F74452006F8B82;
			productRefGroup = 842A3A8A23F74452006F8B82 /* Products */;
			projectDirPath = "";
			projectRoot = "";
			targets = (
				842A3A8823F74452006F8B82 /* NotificationDelegate */,
				842A3A9E23F74454006F8B82 /* NotificationDelegateTests */,
				842A3AA923F74454006F8B82 /* NotificationDelegateUITests */,
			);
		};
/* End PBXProject section */

/* Begin PBXResourcesBuildPhase section */
		842A3A8723F74452006F8B82 /* Resources */ = {
			isa = PBXResourcesBuildPhase;
			buildActionMask = 2147483647;
			files = (
				842A3A9923F74454006F8B82 /* LaunchScreen.storyboard in Resources */,
				842A3A9623F74454006F8B82 /* Preview Assets.xcassets in Resources */,
				842A3A9323F74454006F8B82 /* Assets.xcassets in Resources */,
			);
			runOnlyForDeploymentPostprocessing = 0;
		};
		842A3A9D23F74454006F8B82 /* Resources */ = {
			isa = PBXResourcesBuildPhase;
			buildActionMask = 2147483647;
			files = (
			);
			runOnlyForDeploymentPostprocessing = 0;
		};
		842A3AA823F74454006F8B82 /* Resources */ = {
			isa = PBXResourcesBuildPhase;
			buildActionMask = 2147483647;
			files = (
			);
			runOnlyForDeploymentPostprocessing = 0;
		};
/* End PBXResourcesBuildPhase section */

/* Begin PBXSourcesBuildPhase section */
		842A3A8523F74452006F8B82 /* Sources */ = {
			isa = PBXSourcesBuildPhase;
			buildActionMask = 2147483647;
			files = (
				842A3A8D23F74452006F8B82 /* AppDelegate.swift in Sources */,
				842A3A8F23F74452006F8B82 /* SceneDelegate.swift in Sources */,
				842A3ABD23F7449E006F8B82 /* LocalNotificationManager.swift in Sources */,
				842A3A9123F74452006F8B82 /* ContentView.swift in Sources */,
			);
			runOnlyForDeploymentPostprocessing = 0;
		};
		842A3A9B23F74454006F8B82 /* Sources */ = {
			isa = PBXSourcesBuildPhase;
			buildActionMask = 2147483647;
			files = (
				842A3AA423F74454006F8B82 /* NotificationDelegateTests.swift in Sources */,
			);
			runOnlyForDeploymentPostprocessing = 0;
		};
		842A3AA623F74454006F8B82 /* Sources */ = {
			isa = PBXSourcesBuildPhase;
			buildActionMask = 2147483647;
			files = (
				842A3AAF23F74454006F8B82 /* NotificationDelegateUITests.swift in Sources */,
			);
			runOnlyForDeploymentPostprocessing = 0;
		};
/* End PBXSourcesBuildPhase section */

/* Begin PBXTargetDependency section */
		842A3AA123F74454006F8B82 /* PBXTargetDependency */ = {
			isa = PBXTargetDependency;
			target = 842A3A8823F74452006F8B82 /* NotificationDelegate */;
			targetProxy = 842A3AA023F74454006F8B82 /* PBXContainerItemProxy */;
		};
		842A3AAC23F74454006F8B82 /* PBXTargetDependency */ = {
			isa = PBXTargetDependency;
			target = 842A3A8823F74452006F8B82 /* NotificationDelegate */;
			targetProxy = 842A3AAB23F74454006F8B82 /* PBXContainerItemProxy */;
		};
/* End PBXTargetDependency section */

/* Begin PBXVariantGroup section */
		842A3A9723F74454006F8B82 /* LaunchScreen.storyboard */ = {
			isa = PBXVariantGroup;
			children = (
				842A3A9823F74454006F8B82 /* Base */,
			);
			name = LaunchScreen.storyboard;
			sourceTree = "<group>";
		};
/* End PBXVariantGroup section */

/* Begin XCBuildConfiguration section */
		842A3AB123F74454006F8B82 /* Debug */ = {
			isa = XCBuildConfiguration;
			buildSettings = {
				ALWAYS_SEARCH_USER_PATHS = NO;
				CLANG_ANALYZER_NONNULL = YES;
				CLANG_ANALYZER_NUMBER_OBJECT_CONVERSION = YES_AGGRESSIVE;
				CLANG_CXX_LANGUAGE_STANDARD = "gnu++14";
				CLANG_CXX_LIBRARY = "libc++";
				CLANG_ENABLE_MODULES = YES;
				CLANG_ENABLE_OBJC_ARC = YES;
				CLANG_ENABLE_OBJC_WEAK = YES;
				CLANG_WARN_BLOCK_CAPTURE_AUTORELEASING = YES;
				CLANG_WARN_BOOL_CONVERSION = YES;
				CLANG_WARN_COMMA = YES;
				CLANG_WARN_CONSTANT_CONVERSION = YES;
				CLANG_WARN_DEPRECATED_OBJC_IMPLEMENTATIONS = YES;
				CLANG_WARN_DIRECT_OBJC_ISA_USAGE = YES_ERROR;
				CLANG_WARN_DOCUMENTATION_COMMENTS = YES;
				CLANG_WARN_EMPTY_BODY = YES;
				CLANG_WARN_ENUM_CONVERSION = YES;
				CLANG_WARN_INFINITE_RECURSION = YES;
				CLANG_WARN_INT_CONVERSION = YES;
				CLANG_WARN_NON_LITERAL_NULL_CONVERSION = YES;
				CLANG_WARN_OBJC_IMPLICIT_RETAIN_SELF = YES;
				CLANG_WARN_OBJC_LITERAL_CONVERSION = YES;
				CLANG_WARN_OBJC_ROOT_CLASS = YES_ERROR;
				CLANG_WARN_RANGE_LOOP_ANALYSIS = YES;
				CLANG_WARN_STRICT_PROTOTYPES = YES;
				CLANG_WARN_SUSPICIOUS_MOVE = YES;
				CLANG_WARN_UNGUARDED_AVAILABILITY = YES_AGGRESSIVE;
				CLANG_WARN_UNREACHABLE_CODE = YES;
				CLANG_WARN__DUPLICATE_METHOD_MATCH = YES;
				COPY_PHASE_STRIP = NO;
				DEBUG_INFORMATION_FORMAT = dwarf;
				ENABLE_STRICT_OBJC_MSGSEND = YES;
				ENABLE_TESTABILITY = YES;
				GCC_C_LANGUAGE_STANDARD = gnu11;
				GCC_DYNAMIC_NO_PIC = NO;
				GCC_NO_COMMON_BLOCKS = YES;
				GCC_OPTIMIZATION_LEVEL = 0;
				GCC_PREPROCESSOR_DEFINITIONS = (
					"DEBUG=1",
					"$(inherited)",
				);
				GCC_WARN_64_TO_32_BIT_CONVERSION = YES;
				GCC_WARN_ABOUT_RETURN_TYPE = YES_ERROR;
				GCC_WARN_UNDECLARED_SELECTOR = YES;
				GCC_WARN_UNINITIALIZED_AUTOS = YES_AGGRESSIVE;
				GCC_WARN_UNUSED_FUNCTION = YES;
				GCC_WARN_UNUSED_VARIABLE = YES;
				IPHONEOS_DEPLOYMENT_TARGET = 13.2;
				MTL_ENABLE_DEBUG_INFO = INCLUDE_SOURCE;
				MTL_FAST_MATH = YES;
				ONLY_ACTIVE_ARCH = YES;
				SDKROOT = iphoneos;
				SWIFT_ACTIVE_COMPILATION_CONDITIONS = DEBUG;
				SWIFT_OPTIMIZATION_LEVEL = "-Onone";
			};
			name = Debug;
		};
		842A3AB223F74454006F8B82 /* Release */ = {
			isa = XCBuildConfiguration;
			buildSettings = {
				ALWAYS_SEARCH_USER_PATHS = NO;
				CLANG_ANALYZER_NONNULL = YES;
				CLANG_ANALYZER_NUMBER_OBJECT_CONVERSION = YES_AGGRESSIVE;
				CLANG_CXX_LANGUAGE_STANDARD = "gnu++14";
				CLANG_CXX_LIBRARY = "libc++";
				CLANG_ENABLE_MODULES = YES;
				CLANG_ENABLE_OBJC_ARC = YES;
				CLANG_ENABLE_OBJC_WEAK = YES;
				CLANG_WARN_BLOCK_CAPTURE_AUTORELEASING = YES;
				CLANG_WARN_BOOL_CONVERSION = YES;
				CLANG_WARN_COMMA = YES;
				CLANG_WARN_CONSTANT_CONVERSION = YES;
				CLANG_WARN_DEPRECATED_OBJC_IMPLEMENTATIONS = YES;
				CLANG_WARN_DIRECT_OBJC_ISA_USAGE = YES_ERROR;
				CLANG_WARN_DOCUMENTATION_COMMENTS = YES;
				CLANG_WARN_EMPTY_BODY = YES;
				CLANG_WARN_ENUM_CONVERSION = YES;
				CLANG_WARN_INFINITE_RECURSION = YES;
				CLANG_WARN_INT_CONVERSION = YES;
				CLANG_WARN_NON_LITERAL_NULL_CONVERSION = YES;
				CLANG_WARN_OBJC_IMPLICIT_RETAIN_SELF = YES;
				CLANG_WARN_OBJC_LITERAL_CONVERSION = YES;
				CLANG_WARN_OBJC_ROOT_CLASS = YES_ERROR;
				CLANG_WARN_RANGE_LOOP_ANALYSIS = YES;
				CLANG_WARN_STRICT_PROTOTYPES = YES;
				CLANG_WARN_SUSPICIOUS_MOVE = YES;
				CLANG_WARN_UNGUARDED_AVAILABILITY = YES_AGGRESSIVE;
				CLANG_WARN_UNREACHABLE_CODE = YES;
				CLANG_WARN__DUPLICATE_METHOD_MATCH = YES;
				COPY_PHASE_STRIP = NO;
				DEBUG_INFORMATION_FORMAT = "dwarf-with-dsym";
				ENABLE_NS_ASSERTIONS = NO;
				ENABLE_STRICT_OBJC_MSGSEND = YES;
				GCC_C_LANGUAGE_STANDARD = gnu11;
				GCC_NO_COMMON_BLOCKS = YES;
				GCC_WARN_64_TO_32_BIT_CONVERSION = YES;
				GCC_WARN_ABOUT_RETURN_TYPE = YES_ERROR;
				GCC_WARN_UNDECLARED_SELECTOR = YES;
				GCC_WARN_UNINITIALIZED_AUTOS = YES_AGGRESSIVE;
				GCC_WARN_UNUSED_FUNCTION = YES;
				GCC_WARN_UNUSED_VARIABLE = YES;
				IPHONEOS_DEPLOYMENT_TARGET = 13.2;
				MTL_ENABLE_DEBUG_INFO = NO;
				MTL_FAST_MATH = YES;
				SDKROOT = iphoneos;
				SWIFT_COMPILATION_MODE = wholemodule;
				SWIFT_OPTIMIZATION_LEVEL = "-O";
				VALIDATE_PRODUCT = YES;
			};
			name = Release;
		};
		842A3AB423F74454006F8B82 /* Debug */ = {
			isa = XCBuildConfiguration;
			buildSettings = {
				ASSETCATALOG_COMPILER_APPICON_NAME = AppIcon;
				CODE_SIGN_STYLE = Automatic;
				DEVELOPMENT_ASSET_PATHS = "\"NotificationDelegate/Preview Content\"";
				ENABLE_PREVIEWS = YES;
				INFOPLIST_FILE = NotificationDelegate/Info.plist;
				LD_RUNPATH_SEARCH_PATHS = (
					"$(inherited)",
					"@executable_path/Frameworks",
				);
				PRODUCT_BUNDLE_IDENTIFIER = temp.NotificationDelegate;
				PRODUCT_NAME = "$(TARGET_NAME)";
				SWIFT_VERSION = 5.0;
				TARGETED_DEVICE_FAMILY = "1,2";
			};
			name = Debug;
		};
		842A3AB523F74454006F8B82 /* Release */ = {
			isa = XCBuildConfiguration;
			buildSettings = {
				ASSETCATALOG_COMPILER_APPICON_NAME = AppIcon;
				CODE_SIGN_STYLE = Automatic;
				DEVELOPMENT_ASSET_PATHS = "\"NotificationDelegate/Preview Content\"";
				ENABLE_PREVIEWS = YES;
				INFOPLIST_FILE = NotificationDelegate/Info.plist;
				LD_RUNPATH_SEARCH_PATHS = (
					"$(inherited)",
					"@executable_path/Frameworks",
				);
				PRODUCT_BUNDLE_IDENTIFIER = temp.NotificationDelegate;
				PRODUCT_NAME = "$(TARGET_NAME)";
				SWIFT_VERSION = 5.0;
				TARGETED_DEVICE_FAMILY = "1,2";
			};
			name = Release;
		};
		842A3AB723F74454006F8B82 /* Debug */ = {
			isa = XCBuildConfiguration;
			buildSettings = {
				ALWAYS_EMBED_SWIFT_STANDARD_LIBRARIES = YES;
				BUNDLE_LOADER = "$(TEST_HOST)";
				CODE_SIGN_STYLE = Automatic;
				INFOPLIST_FILE = NotificationDelegateTests/Info.plist;
				IPHONEOS_DEPLOYMENT_TARGET = 13.2;
				LD_RUNPATH_SEARCH_PATHS = (
					"$(inherited)",
					"@executable_path/Frameworks",
					"@loader_path/Frameworks",
				);
				PRODUCT_BUNDLE_IDENTIFIER = temp.NotificationDelegateTests;
				PRODUCT_NAME = "$(TARGET_NAME)";
				SWIFT_VERSION = 5.0;
				TARGETED_DEVICE_FAMILY = "1,2";
				TEST_HOST = "$(BUILT_PRODUCTS_DIR)/NotificationDelegate.app/NotificationDelegate";
			};
			name = Debug;
		};
		842A3AB823F74454006F8B82 /* Release */ = {
			isa = XCBuildConfiguration;
			buildSettings = {
				ALWAYS_EMBED_SWIFT_STANDARD_LIBRARIES = YES;
				BUNDLE_LOADER = "$(TEST_HOST)";
				CODE_SIGN_STYLE = Automatic;
				INFOPLIST_FILE = NotificationDelegateTests/Info.plist;
				IPHONEOS_DEPLOYMENT_TARGET = 13.2;
				LD_RUNPATH_SEARCH_PATHS = (
					"$(inherited)",
					"@executable_path/Frameworks",
					"@loader_path/Frameworks",
				);
				PRODUCT_BUNDLE_IDENTIFIER = temp.NotificationDelegateTests;
				PRODUCT_NAME = "$(TARGET_NAME)";
				SWIFT_VERSION = 5.0;
				TARGETED_DEVICE_FAMILY = "1,2";
				TEST_HOST = "$(BUILT_PRODUCTS_DIR)/NotificationDelegate.app/NotificationDelegate";
			};
			name = Release;
		};
		842A3ABA23F74454006F8B82 /* Debug */ = {
			isa = XCBuildConfiguration;
			buildSettings = {
				ALWAYS_EMBED_SWIFT_STANDARD_LIBRARIES = YES;
				CODE_SIGN_STYLE = Automatic;
				INFOPLIST_FILE = NotificationDelegateUITests/Info.plist;
				LD_RUNPATH_SEARCH_PATHS = (
					"$(inherited)",
					"@executable_path/Frameworks",
					"@loader_path/Frameworks",
				);
				PRODUCT_BUNDLE_IDENTIFIER = temp.NotificationDelegateUITests;
				PRODUCT_NAME = "$(TARGET_NAME)";
				SWIFT_VERSION = 5.0;
				TARGETED_DEVICE_FAMILY = "1,2";
				TEST_TARGET_NAME = NotificationDelegate;
			};
			name = Debug;
		};
		842A3ABB23F74454006F8B82 /* Release */ = {
			isa = XCBuildConfiguration;
			buildSettings = {
				ALWAYS_EMBED_SWIFT_STANDARD_LIBRARIES = YES;
				CODE_SIGN_STYLE = Automatic;
				INFOPLIST_FILE = NotificationDelegateUITests/Info.plist;
				LD_RUNPATH_SEARCH_PATHS = (
					"$(inherited)",
					"@executable_path/Frameworks",
					"@loader_path/Frameworks",
				);
				PRODUCT_BUNDLE_IDENTIFIER = temp.NotificationDelegateUITests;
				PRODUCT_NAME = "$(TARGET_NAME)";
				SWIFT_VERSION = 5.0;
				TARGETED_DEVICE_FAMILY = "1,2";
				TEST_TARGET_NAME = NotificationDelegate;
			};
			name = Release;
		};
/* End XCBuildConfiguration section */

/* Begin XCConfigurationList section */
		842A3A8423F74452006F8B82 /* Build configuration list for PBXProject "NotificationDelegate" */ = {
			isa = XCConfigurationList;
			buildConfigurations = (
				842A3AB123F74454006F8B82 /* Debug */,
				842A3AB223F74454006F8B82 /* Release */,
			);
			defaultConfigurationIsVisible = 0;
			defaultConfigurationName = Release;
		};
		842A3AB323F74454006F8B82 /* Build configuration list for PBXNativeTarget "NotificationDelegate" */ = {
			isa = XCConfigurationList;
			buildConfigurations = (
				842A3AB423F74454006F8B82 /* Debug */,
				842A3AB523F74454006F8B82 /* Release */,
			);
			defaultConfigurationIsVisible = 0;
			defaultConfigurationName = Release;
		};
		842A3AB623F74454006F8B82 /* Build configuration list for PBXNativeTarget "NotificationDelegateTests" */ = {
			isa = XCConfigurationList;
			buildConfigurations = (
				842A3AB723F74454006F8B82 /* Debug */,
				842A3AB823F74454006F8B82 /* Release */,
			);
			defaultConfigurationIsVisible = 0;
			defaultConfigurationName = Release;
		};
		842A3AB923F74454006F8B82 /* Build configuration list for PBXNativeTarget "NotificationDelegateUITests" */ = {
			isa = XCConfigurationList;
			buildConfigurations = (
				842A3ABA23F74454006F8B82 /* Debug */,
				842A3ABB23F74454006F8B82 /* Release */,
			);
			defaultConfigurationIsVisible = 0;
			defaultConfigurationName = Release;
		};
/* End XCConfigurationList section */
	};
	rootObject = 842A3A8123F74452006F8B82 /* Project object */;
}
