// !$*UTF8*$!
{
	archiveVersion = 1;
	classes = {
	};
	objectVersion = 50;
	objects = {

/* Begin PBXBuildFile section */
		4ADD83C7263AD14100EF5AAA /* photoLibraryApp.swift in Sources */ = {isa = PBXBuildFile; fileRef = 4ADD83B4263AD13E00EF5AAA /* photoLibraryApp.swift */; };
		4ADD83C8263AD14100EF5AAA /* photoLibraryApp.swift in Sources */ = {isa = PBXBuildFile; fileRef = 4ADD83B4263AD13E00EF5AAA /* photoLibraryApp.swift */; };
		4ADD83C9263AD14100EF5AAA /* ContentView.swift in Sources */ = {isa = PBXBuildFile; fileRef = 4ADD83B5263AD13E00EF5AAA /* ContentView.swift */; };
		4ADD83CA263AD14100EF5AAA /* ContentView.swift in Sources */ = {isa = PBXBuildFile; fileRef = 4ADD83B5263AD13E00EF5AAA /* ContentView.swift */; };
		4ADD83CB263AD14100EF5AAA /* Assets.xcassets in Resources */ = {isa = PBXBuildFile; fileRef = 4ADD83B6263AD14100EF5AAA /* Assets.xcassets */; };
		4ADD83CC263AD14100EF5AAA /* Assets.xcassets in Resources */ = {isa = PBXBuildFile; fileRef = 4ADD83B6263AD14100EF5AAA /* Assets.xcassets */; };
/* End PBXBuildFile section */

/* Begin PBXFileReference section */
		4ADD83B4263AD13E00EF5AAA /* photoLibraryApp.swift */ = {isa = PBXFileReference; lastKnownFileType = sourcecode.swift; path = photoLibraryApp.swift; sourceTree = "<group>"; };
		4ADD83B5263AD13E00EF5AAA /* ContentView.swift */ = {isa = PBXFileReference; lastKnownFileType = sourcecode.swift; path = ContentView.swift; sourceTree = "<group>"; };
		4ADD83B6263AD14100EF5AAA /* Assets.xcassets */ = {isa = PBXFileReference; lastKnownFileType = folder.assetcatalog; path = Assets.xcassets; sourceTree = "<group>"; };
		4ADD83BB263AD14100EF5AAA /* photoLibrary.app */ = {isa = PBXFileReference; explicitFileType = wrapper.application; includeInIndex = 0; path = photoLibrary.app; sourceTree = BUILT_PRODUCTS_DIR; };
		4ADD83BE263AD14100EF5AAA /* Info.plist */ = {isa = PBXFileReference; lastKnownFileType = text.plist.xml; path = Info.plist; sourceTree = "<group>"; };
		4ADD83C3263AD14100EF5AAA /* photoLibrary.app */ = {isa = PBXFileReference; explicitFileType = wrapper.application; includeInIndex = 0; path = photoLibrary.app; sourceTree = BUILT_PRODUCTS_DIR; };
		4ADD83C5263AD14100EF5AAA /* Info.plist */ = {isa = PBXFileReference; lastKnownFileType = text.plist.xml; path = Info.plist; sourceTree = "<group>"; };
		4ADD83C6263AD14100EF5AAA /* macOS.entitlements */ = {isa = PBXFileReference; lastKnownFileType = text.plist.entitlements; path = macOS.entitlements; sourceTree = "<group>"; };
/* End PBXFileReference section */

/* Begin PBXFrameworksBuildPhase section */
		4ADD83B8263AD14100EF5AAA /* Frameworks */ = {
			isa = PBXFrameworksBuildPhase;
			buildActionMask = 2147483647;
			files = (
			);
			runOnlyForDeploymentPostprocessing = 0;
		};
		4ADD83C0263AD14100EF5AAA /* Frameworks */ = {
			isa = PBXFrameworksBuildPhase;
			buildActionMask = 2147483647;
			files = (
			);
			runOnlyForDeploymentPostprocessing = 0;
		};
/* End PBXFrameworksBuildPhase section */

/* Begin PBXGroup section */
		4ADD83AE263AD13E00EF5AAA = {
			isa = PBXGroup;
			children = (
				4ADD83B3263AD13E00EF5AAA /* Shared */,
				4ADD83BD263AD14100EF5AAA /* iOS */,
				4ADD83C4263AD14100EF5AAA /* macOS */,
				4ADD83BC263AD14100EF5AAA /* Products */,
			);
			sourceTree = "<group>";
		};
		4ADD83B3263AD13E00EF5AAA /* Shared */ = {
			isa = PBXGroup;
			children = (
				4ADD83B4263AD13E00EF5AAA /* photoLibraryApp.swift */,
				4ADD83B5263AD13E00EF5AAA /* ContentView.swift */,
				4ADD83B6263AD14100EF5AAA /* Assets.xcassets */,
			);
			path = Shared;
			sourceTree = "<group>";
		};
		4ADD83BC263AD14100EF5AAA /* Products */ = {
			isa = PBXGroup;
			children = (
				4ADD83BB263AD14100EF5AAA /* photoLibrary.app */,
				4ADD83C3263AD14100EF5AAA /* photoLibrary.app */,
			);
			name = Products;
			sourceTree = "<group>";
		};
		4ADD83BD263AD14100EF5AAA /* iOS */ = {
			isa = PBXGroup;
			children = (
				4ADD83BE263AD14100EF5AAA /* Info.plist */,
			);
			path = iOS;
			sourceTree = "<group>";
		};
		4ADD83C4263AD14100EF5AAA /* macOS */ = {
			isa = PBXGroup;
			children = (
				4ADD83C5263AD14100EF5AAA /* Info.plist */,
				4ADD83C6263AD14100EF5AAA /* macOS.entitlements */,
			);
			path = macOS;
			sourceTree = "<group>";
		};
/* End PBXGroup section */

/* Begin PBXNativeTarget section */
		4ADD83BA263AD14100EF5AAA /* photoLibrary (iOS) */ = {
			isa = PBXNativeTarget;
			buildConfigurationList = 4ADD83CF263AD14100EF5AAA /* Build configuration list for PBXNativeTarget "photoLibrary (iOS)" */;
			buildPhases = (
				4ADD83B7263AD14100EF5AAA /* Sources */,
				4ADD83B8263AD14100EF5AAA /* Frameworks */,
				4ADD83B9263AD14100EF5AAA /* Resources */,
			);
			buildRules = (
			);
			dependencies = (
			);
			name = "photoLibrary (iOS)";
			productName = "photoLibrary (iOS)";
			productReference = 4ADD83BB263AD14100EF5AAA /* photoLibrary.app */;
			productType = "com.apple.product-type.application";
		};
		4ADD83C2263AD14100EF5AAA /* photoLibrary (macOS) */ = {
			isa = PBXNativeTarget;
			buildConfigurationList = 4ADD83D2263AD14100EF5AAA /* Build configuration list for PBXNativeTarget "photoLibrary (macOS)" */;
			buildPhases = (
				4ADD83BF263AD14100EF5AAA /* Sources */,
				4ADD83C0263AD14100EF5AAA /* Frameworks */,
				4ADD83C1263AD14100EF5AAA /* Resources */,
			);
			buildRules = (
			);
			dependencies = (
			);
			name = "photoLibrary (macOS)";
			productName = "photoLibrary (macOS)";
			productReference = 4ADD83C3263AD14100EF5AAA /* photoLibrary.app */;
			productType = "com.apple.product-type.application";
		};
/* End PBXNativeTarget section */

/* Begin PBXProject section */
		4ADD83AF263AD13E00EF5AAA /* Project object */ = {
			isa = PBXProject;
			attributes = {
				LastSwiftUpdateCheck = 1250;
				LastUpgradeCheck = 1250;
				TargetAttributes = {
					4ADD83BA263AD14100EF5AAA = {
						CreatedOnToolsVersion = 12.5;
					};
					4ADD83C2263AD14100EF5AAA = {
						CreatedOnToolsVersion = 12.5;
					};
				};
			};
			buildConfigurationList = 4ADD83B2263AD13E00EF5AAA /* Build configuration list for PBXProject "photoLibrary" */;
			compatibilityVersion = "Xcode 9.3";
			developmentRegion = en;
			hasScannedForEncodings = 0;
			knownRegions = (
				en,
				Base,
			);
			mainGroup = 4ADD83AE263AD13E00EF5AAA;
			productRefGroup = 4ADD83BC263AD14100EF5AAA /* Products */;
			projectDirPath = "";
			projectRoot = "";
			targets = (
				4ADD83BA263AD14100EF5AAA /* photoLibrary (iOS) */,
				4ADD83C2263AD14100EF5AAA /* photoLibrary (macOS) */,
			);
		};
/* End PBXProject section */

/* Begin PBXResourcesBuildPhase section */
		4ADD83B9263AD14100EF5AAA /* Resources */ = {
			isa = PBXResourcesBuildPhase;
			buildActionMask = 2147483647;
			files = (
				4ADD83CB263AD14100EF5AAA /* Assets.xcassets in Resources */,
			);
			runOnlyForDeploymentPostprocessing = 0;
		};
		4ADD83C1263AD14100EF5AAA /* Resources */ = {
			isa = PBXResourcesBuildPhase;
			buildActionMask = 2147483647;
			files = (
				4ADD83CC263AD14100EF5AAA /* Assets.xcassets in Resources */,
			);
			runOnlyForDeploymentPostprocessing = 0;
		};
/* End PBXResourcesBuildPhase section */

/* Begin PBXSourcesBuildPhase section */
		4ADD83B7263AD14100EF5AAA /* Sources */ = {
			isa = PBXSourcesBuildPhase;
			buildActionMask = 2147483647;
			files = (
				4ADD83C9263AD14100EF5AAA /* ContentView.swift in Sources */,
				4ADD83C7263AD14100EF5AAA /* photoLibraryApp.swift in Sources */,
			);
			runOnlyForDeploymentPostprocessing = 0;
		};
		4ADD83BF263AD14100EF5AAA /* Sources */ = {
			isa = PBXSourcesBuildPhase;
			buildActionMask = 2147483647;
			files = (
				4ADD83CA263AD14100EF5AAA /* ContentView.swift in Sources */,
				4ADD83C8263AD14100EF5AAA /* photoLibraryApp.swift in Sources */,
			);
			runOnlyForDeploymentPostprocessing = 0;
		};
/* End PBXSourcesBuildPhase section */

/* Begin XCBuildConfiguration section */
		4ADD83CD263AD14100EF5AAA /* Debug */ = {
			isa = XCBuildConfiguration;
			buildSettings = {
				ALWAYS_SEARCH_USER_PATHS = NO;
				CLANG_ANALYZER_NONNULL = YES;
				CLANG_ANALYZER_NUMBER_OBJECT_CONVERSION = YES_AGGRESSIVE;
				CLANG_CXX_LANGUAGE_STANDARD = "gnu++14";
				CLANG_CXX_LIBRARY = "libc++";
				CLANG_ENABLE_MODULES = YES;
				CLANG_ENABLE_OBJC_ARC = YES;
				CLANG_ENABLE_OBJC_WEAK = YES;
				CLANG_WARN_BLOCK_CAPTURE_AUTORELEASING = YES;
				CLANG_WARN_BOOL_CONVERSION = YES;
				CLANG_WARN_COMMA = YES;
				CLANG_WARN_CONSTANT_CONVERSION = YES;
				CLANG_WARN_DEPRECATED_OBJC_IMPLEMENTATIONS = YES;
				CLANG_WARN_DIRECT_OBJC_ISA_USAGE = YES_ERROR;
				CLANG_WARN_DOCUMENTATION_COMMENTS = YES;
				CLANG_WARN_EMPTY_BODY = YES;
				CLANG_WARN_ENUM_CONVERSION = YES;
				CLANG_WARN_INFINITE_RECURSION = YES;
				CLANG_WARN_INT_CONVERSION = YES;
				CLANG_WARN_NON_LITERAL_NULL_CONVERSION = YES;
				CLANG_WARN_OBJC_IMPLICIT_RETAIN_SELF = YES;
				CLANG_WARN_OBJC_LITERAL_CONVERSION = YES;
				CLANG_WARN_OBJC_ROOT_CLASS = YES_ERROR;
				CLANG_WARN_QUOTED_INCLUDE_IN_FRAMEWORK_HEADER = YES;
				CLANG_WARN_RANGE_LOOP_ANALYSIS = YES;
				CLANG_WARN_STRICT_PROTOTYPES = YES;
				CLANG_WARN_SUSPICIOUS_MOVE = YES;
				CLANG_WARN_UNGUARDED_AVAILABILITY = YES_AGGRESSIVE;
				CLANG_WARN_UNREACHABLE_CODE = YES;
				CLANG_WARN__DUPLICATE_METHOD_MATCH = YES;
				COPY_PHASE_STRIP = NO;
				DEBUG_INFORMATION_FORMAT = dwarf;
				ENABLE_STRICT_OBJC_MSGSEND = YES;
				ENABLE_TESTABILITY = YES;
				GCC_C_LANGUAGE_STANDARD = gnu11;
				GCC_DYNAMIC_NO_PIC = NO;
				GCC_NO_COMMON_BLOCKS = YES;
				GCC_OPTIMIZATION_LEVEL = 0;
				GCC_PREPROCESSOR_DEFINITIONS = (
					"DEBUG=1",
					"$(inherited)",
				);
				GCC_WARN_64_TO_32_BIT_CONVERSION = YES;
				GCC_WARN_ABOUT_RETURN_TYPE = YES_ERROR;
				GCC_WARN_UNDECLARED_SELECTOR = YES;
				GCC_WARN_UNINITIALIZED_AUTOS = YES_AGGRESSIVE;
				GCC_WARN_UNUSED_FUNCTION = YES;
				GCC_WARN_UNUSED_VARIABLE = YES;
				MTL_ENABLE_DEBUG_INFO = INCLUDE_SOURCE;
				MTL_FAST_MATH = YES;
				ONLY_ACTIVE_ARCH = YES;
				SWIFT_ACTIVE_COMPILATION_CONDITIONS = DEBUG;
				SWIFT_OPTIMIZATION_LEVEL = "-Onone";
			};
			name = Debug;
		};
		4ADD83CE263AD14100EF5AAA /* Release */ = {
			isa = XCBuildConfiguration;
			buildSettings = {
				ALWAYS_SEARCH_USER_PATHS = NO;
				CLANG_ANALYZER_NONNULL = YES;
				CLANG_ANALYZER_NUMBER_OBJECT_CONVERSION = YES_AGGRESSIVE;
				CLANG_CXX_LANGUAGE_STANDARD = "gnu++14";
				CLANG_CXX_LIBRARY = "libc++";
				CLANG_ENABLE_MODULES = YES;
				CLANG_ENABLE_OBJC_ARC = YES;
				CLANG_ENABLE_OBJC_WEAK = YES;
				CLANG_WARN_BLOCK_CAPTURE_AUTORELEASING = YES;
				CLANG_WARN_BOOL_CONVERSION = YES;
				CLANG_WARN_COMMA = YES;
				CLANG_WARN_CONSTANT_CONVERSION = YES;
				CLANG_WARN_DEPRECATED_OBJC_IMPLEMENTATIONS = YES;
				CLANG_WARN_DIRECT_OBJC_ISA_USAGE = YES_ERROR;
				CLANG_WARN_DOCUMENTATION_COMMENTS = YES;
				CLANG_WARN_EMPTY_BODY = YES;
				CLANG_WARN_ENUM_CONVERSION = YES;
				CLANG_WARN_INFINITE_RECURSION = YES;
				CLANG_WARN_INT_CONVERSION = YES;
				CLANG_WARN_NON_LITERAL_NULL_CONVERSION = YES;
				CLANG_WARN_OBJC_IMPLICIT_RETAIN_SELF = YES;
				CLANG_WARN_OBJC_LITERAL_CONVERSION = YES;
				CLANG_WARN_OBJC_ROOT_CLASS = YES_ERROR;
				CLANG_WARN_QUOTED_INCLUDE_IN_FRAMEWORK_HEADER = YES;
				CLANG_WARN_RANGE_LOOP_ANALYSIS = YES;
				CLANG_WARN_STRICT_PROTOTYPES = YES;
				CLANG_WARN_SUSPICIOUS_MOVE = YES;
				CLANG_WARN_UNGUARDED_AVAILABILITY = YES_AGGRESSIVE;
				CLANG_WARN_UNREACHABLE_CODE = YES;
				CLANG_WARN__DUPLICATE_METHOD_MATCH = YES;
				COPY_PHASE_STRIP = NO;
				DEBUG_INFORMATION_FORMAT = "dwarf-with-dsym";
				ENABLE_NS_ASSERTIONS = NO;
				ENABLE_STRICT_OBJC_MSGSEND = YES;
				GCC_C_LANGUAGE_STANDARD = gnu11;
				GCC_NO_COMMON_BLOCKS = YES;
				GCC_WARN_64_TO_32_BIT_CONVERSION = YES;
				GCC_WARN_ABOUT_RETURN_TYPE = YES_ERROR;
				GCC_WARN_UNDECLARED_SELECTOR = YES;
				GCC_WARN_UNINITIALIZED_AUTOS = YES_AGGRESSIVE;
				GCC_WARN_UNUSED_FUNCTION = YES;
				GCC_WARN_UNUSED_VARIABLE = YES;
				MTL_ENABLE_DEBUG_INFO = NO;
				MTL_FAST_MATH = YES;
				SWIFT_COMPILATION_MODE = wholemodule;
				SWIFT_OPTIMIZATION_LEVEL = "-O";
			};
			name = Release;
		};
		4ADD83D0263AD14100EF5AAA /* Debug */ = {
			isa = XCBuildConfiguration;
			buildSettings = {
				ASSETCATALOG_COMPILER_APPICON_NAME = AppIcon;
				ASSETCATALOG_COMPILER_GLOBAL_ACCENT_COLOR_NAME = AccentColor;
				CODE_SIGN_STYLE = Automatic;
				DEVELOPMENT_TEAM = 7MA4H392PA;
				ENABLE_PREVIEWS = YES;
				INFOPLIST_FILE = iOS/Info.plist;
				IPHONEOS_DEPLOYMENT_TARGET = 14.0;
				LD_RUNPATH_SEARCH_PATHS = (
					"$(inherited)",
					"@executable_path/Frameworks",
				);
				PRODUCT_BUNDLE_IDENTIFIER = com.donutshop.photoLibrary;
				PRODUCT_NAME = photoLibrary;
				SDKROOT = iphoneos;
				SWIFT_VERSION = 5.0;
				TARGETED_DEVICE_FAMILY = "1,2";
			};
			name = Debug;
		};
		4ADD83D1263AD14100EF5AAA /* Release */ = {
			isa = XCBuildConfiguration;
			buildSettings = {
				ASSETCATALOG_COMPILER_APPICON_NAME = AppIcon;
				ASSETCATALOG_COMPILER_GLOBAL_ACCENT_COLOR_NAME = AccentColor;
				CODE_SIGN_STYLE = Automatic;
				DEVELOPMENT_TEAM = 7MA4H392PA;
				ENABLE_PREVIEWS = YES;
				INFOPLIST_FILE = iOS/Info.plist;
				IPHONEOS_DEPLOYMENT_TARGET = 14.0;
				LD_RUNPATH_SEARCH_PATHS = (
					"$(inherited)",
					"@executable_path/Frameworks",
				);
				PRODUCT_BUNDLE_IDENTIFIER = com.donutshop.photoLibrary;
				PRODUCT_NAME = photoLibrary;
				SDKROOT = iphoneos;
				SWIFT_VERSION = 5.0;
				TARGETED_DEVICE_FAMILY = "1,2";
				VALIDATE_PRODUCT = YES;
			};
			name = Release;
		};
		4ADD83D3263AD14100EF5AAA /* Debug */ = {
			isa = XCBuildConfiguration;
			buildSettings = {
				ASSETCATALOG_COMPILER_APPICON_NAME = AppIcon;
				ASSETCATALOG_COMPILER_GLOBAL_ACCENT_COLOR_NAME = AccentColor;
				CODE_SIGN_ENTITLEMENTS = macOS/macOS.entitlements;
				CODE_SIGN_STYLE = Automatic;
				COMBINE_HIDPI_IMAGES = YES;
				DEVELOPMENT_TEAM = 7MA4H392PA;
				ENABLE_HARDENED_RUNTIME = YES;
				ENABLE_PREVIEWS = YES;
				INFOPLIST_FILE = macOS/Info.plist;
				LD_RUNPATH_SEARCH_PATHS = (
					"$(inherited)",
					"@executable_path/../Frameworks",
				);
				MACOSX_DEPLOYMENT_TARGET = 11.0;
				PRODUCT_BUNDLE_IDENTIFIER = com.donutshop.photoLibrary;
				PRODUCT_NAME = photoLibrary;
				SDKROOT = macosx;
				SWIFT_VERSION = 5.0;
			};
			name = Debug;
		};
		4ADD83D4263AD14100EF5AAA /* Release */ = {
			isa = XCBuildConfiguration;
			buildSettings = {
				ASSETCATALOG_COMPILER_APPICON_NAME = AppIcon;
				ASSETCATALOG_COMPILER_GLOBAL_ACCENT_COLOR_NAME = AccentColor;
				CODE_SIGN_ENTITLEMENTS = macOS/macOS.entitlements;
				CODE_SIGN_STYLE = Automatic;
				COMBINE_HIDPI_IMAGES = YES;
				DEVELOPMENT_TEAM = 7MA4H392PA;
				ENABLE_HARDENED_RUNTIME = YES;
				ENABLE_PREVIEWS = YES;
				INFOPLIST_FILE = macOS/Info.plist;
				LD_RUNPATH_SEARCH_PATHS = (
					"$(inherited)",
					"@executable_path/../Frameworks",
				);
				MACOSX_DEPLOYMENT_TARGET = 11.0;
				PRODUCT_BUNDLE_IDENTIFIER = com.donutshop.photoLibrary;
				PRODUCT_NAME = photoLibrary;
				SDKROOT = macosx;
				SWIFT_VERSION = 5.0;
			};
			name = Release;
		};
/* End XCBuildConfiguration section */

/* Begin XCConfigurationList section */
		4ADD83B2263AD13E00EF5AAA /* Build configuration list for PBXProject "photoLibrary" */ = {
			isa = XCConfigurationList;
			buildConfigurations = (
				4ADD83CD263AD14100EF5AAA /* Debug */,
				4ADD83CE263AD14100EF5AAA /* Release */,
			);
			defaultConfigurationIsVisible = 0;
			defaultConfigurationName = Release;
		};
		4ADD83CF263AD14100EF5AAA /* Build configuration list for PBXNativeTarget "photoLibrary (iOS)" */ = {
			isa = XCConfigurationList;
			buildConfigurations = (
				4ADD83D0263AD14100EF5AAA /* Debug */,
				4ADD83D1263AD14100EF5AAA /* Release */,
			);
			defaultConfigurationIsVisible = 0;
			defaultConfigurationName = Release;
		};
		4ADD83D2263AD14100EF5AAA /* Build configuration list for PBXNativeTarget "photoLibrary (macOS)" */ = {
			isa = XCConfigurationList;
			buildConfigurations = (
				4ADD83D3263AD14100EF5AAA /* Debug */,
				4ADD83D4263AD14100EF5AAA /* Release */,
			);
			defaultConfigurationIsVisible = 0;
			defaultConfigurationName = Release;
		};
/* End XCConfigurationList section */
	};
	rootObject = 4ADD83AF263AD13E00EF5AAA /* Project object */;
}
